
Microsoft Visual Studio Solution File, Format Version 12.00
# Visual Studio Version 17
VisualStudioVersion = 17.5.33530.505
MinimumVisualStudioVersion = 10.0.40219.1
Project("{FAE04EC0-301F-11D3-BF4B-00C04F79EFBC}") = "02_TypeSystem", "02_TypeSystem\02_TypeSystem.csproj", "{34C35DE6-B45F-4BF5-8B34-2DAA016AB3B1}"
EndProject
Global
	GlobalSection(SolutionConfigurationPlatforms) = preSolution
		Debug|Any CPU = Debug|Any CPU
		Release|Any CPU = Release|Any CPU
	EndGlobalSection
	GlobalSection(ProjectConfigurationPlatforms) = postSolution
		{34C35DE6-B45F-4BF5-8B34-2DAA016AB3B1}.Debug|Any CPU.ActiveCfg = Debug|Any CPU
		{34C35DE6-B45F-4BF5-8B34-2DAA016AB3B1}.Debug|Any CPU.Build.0 = Debug|Any CPU
		{34C35DE6-B45F-4BF5-8B34-2DAA016AB3B1}.Release|Any CPU.ActiveCfg = Release|Any CPU
		{34C35DE6-B45F-4BF5-8B34-2DAA016AB3B1}.Release|Any CPU.Build.0 = Release|Any CPU
	EndGlobalSection
	GlobalSection(SolutionProperties) = preSolution
		HideSolutionNode = FALSE
	EndGlobalSection
	GlobalSection(ExtensibilityGlobals) = postSolution
		SolutionGuid = {A4CB4C71-9CD9-4B2E-AD3B-80072A4B885D}
	EndGlobalSection
EndGlobal
