
Microsoft Visual Studio Solution File, Format Version 12.00
# Visual Studio Version 17
VisualStudioVersion = 17.5.33530.505
MinimumVisualStudioVersion = 10.0.40219.1
Project("{FAE04EC0-301F-11D3-BF4B-00C04F79EFBC}") = "02_task", "02_task\02_task.csproj", "{0F6AB936-A696-467B-8CC0-441F33FAFEAC}"
EndProject
Global
	GlobalSection(SolutionConfigurationPlatforms) = preSolution
		Debug|Any CPU = Debug|Any CPU
		Release|Any CPU = Release|Any CPU
	EndGlobalSection
	GlobalSection(ProjectConfigurationPlatforms) = postSolution
		{0F6AB936-A696-467B-8CC0-441F33FAFEAC}.Debug|Any CPU.ActiveCfg = Debug|Any CPU
		{0F6AB936-A696-467B-8CC0-441F33FAFEAC}.Debug|Any CPU.Build.0 = Debug|Any CPU
		{0F6AB936-A696-467B-8CC0-441F33FAFEAC}.Release|Any CPU.ActiveCfg = Release|Any CPU
		{0F6AB936-A696-467B-8CC0-441F33FAFEAC}.Release|Any CPU.Build.0 = Release|Any CPU
	EndGlobalSection
	GlobalSection(SolutionProperties) = preSolution
		HideSolutionNode = FALSE
	EndGlobalSection
	GlobalSection(ExtensibilityGlobals) = postSolution
		SolutionGuid = {6EFBB6FD-57B1-405B-BD2E-E2F2376FAEFF}
	EndGlobalSection
EndGlobal
