
Microsoft Visual Studio Solution File, Format Version 12.00
# Visual Studio Version 17
VisualStudioVersion = 17.6.33717.318
MinimumVisualStudioVersion = 10.0.40219.1
Project("{FAE04EC0-301F-11D3-BF4B-00C04F79EFBC}") = "10_task", "10_task\10_task.csproj", "{B127F09D-E83B-4384-A011-C116C991BD55}"
EndProject
Global
	GlobalSection(SolutionConfigurationPlatforms) = preSolution
		Debug|Any CPU = Debug|Any CPU
		Release|Any CPU = Release|Any CPU
	EndGlobalSection
	GlobalSection(ProjectConfigurationPlatforms) = postSolution
		{B127F09D-E83B-4384-A011-C116C991BD55}.Debug|Any CPU.ActiveCfg = Debug|Any CPU
		{B127F09D-E83B-4384-A011-C116C991BD55}.Debug|Any CPU.Build.0 = Debug|Any CPU
		{B127F09D-E83B-4384-A011-C116C991BD55}.Release|Any CPU.ActiveCfg = Release|Any CPU
		{B127F09D-E83B-4384-A011-C116C991BD55}.Release|Any CPU.Build.0 = Release|Any CPU
	EndGlobalSection
	GlobalSection(SolutionProperties) = preSolution
		HideSolutionNode = FALSE
	EndGlobalSection
	GlobalSection(ExtensibilityGlobals) = postSolution
		SolutionGuid = {31E9FE1D-ECC4-4BD7-AC3C-994968FC824D}
	EndGlobalSection
EndGlobal
